
Microsoft Visual Studio Solution File, Format Version 12.00
# Visual Studio Version 17
VisualStudioVersion = 17.5.002.0
MinimumVisualStudioVersion = 10.0.40219.1
Project("{9A19103F-16F7-4668-BE54-9A1E7A4F7556}") = "AuthenticatorApp", "AuthenticatorApp\AuthenticatorApp.csproj", "{10C455CF-AEB3-4244-B32D-2A05B177AE85}"
EndProject
Global
	GlobalSection(SolutionConfigurationPlatforms) = preSolution
		Debug|Any CPU = Debug|Any CPU
		Release|Any CPU = Release|Any CPU
	EndGlobalSection
	GlobalSection(ProjectConfigurationPlatforms) = postSolution
		{10C455CF-AEB3-4244-B32D-2A05B177AE85}.Debug|Any CPU.ActiveCfg = Debug|Any CPU
		{10C455CF-AEB3-4244-B32D-2A05B177AE85}.Debug|Any CPU.Build.0 = Debug|Any CPU
		{10C455CF-AEB3-4244-B32D-2A05B177AE85}.Release|Any CPU.ActiveCfg = Release|Any CPU
		{10C455CF-AEB3-4244-B32D-2A05B177AE85}.Release|Any CPU.Build.0 = Release|Any CPU
	EndGlobalSection
	GlobalSection(SolutionProperties) = preSolution
		HideSolutionNode = FALSE
	EndGlobalSection
	GlobalSection(ExtensibilityGlobals) = postSolution
		SolutionGuid = {7EE836AA-896A-4502-B601-BA11A38CCAED}
	EndGlobalSection
EndGlobal
